// !$*UTF8*$!
{
	archiveVersion = 1;
	classes = {
	};
	objectVersion = 56;
	objects = {

/* Begin PBXBuildFile section */
		C027446D2B9AE930000CF7C8 /* PreparationForTodayApp.swift in Sources */ = {isa = PBXBuildFile; fileRef = C027446C2B9AE930000CF7C8 /* PreparationForTodayApp.swift */; };
		C027446F2B9AE930000CF7C8 /* ContentView.swift in Sources */ = {isa = PBXBuildFile; fileRef = C027446E2B9AE930000CF7C8 /* ContentView.swift */; };
		C02744712B9AE931000CF7C8 /* Assets.xcassets in Resources */ = {isa = PBXBuildFile; fileRef = C02744702B9AE931000CF7C8 /* Assets.xcassets */; };
		C02744742B9AE931000CF7C8 /* Preview Assets.xcassets in Resources */ = {isa = PBXBuildFile; fileRef = C02744732B9AE931000CF7C8 /* Preview Assets.xcassets */; };
		C027447F2B9AF181000CF7C8 /* WeatherKitViewModel.swift in Sources */ = {isa = PBXBuildFile; fileRef = C027447E2B9AF181000CF7C8 /* WeatherKitViewModel.swift */; };
		C02744812B9AF199000CF7C8 /* LocationViewModel.swift in Sources */ = {isa = PBXBuildFile; fileRef = C02744802B9AF199000CF7C8 /* LocationViewModel.swift */; };
		C02744832B9AF1B5000CF7C8 /* WeatherModel.swift in Sources */ = {isa = PBXBuildFile; fileRef = C02744822B9AF1B5000CF7C8 /* WeatherModel.swift */; };
		C02744D42BA948BE000CF7C8 /* OnboardingModel.swift in Sources */ = {isa = PBXBuildFile; fileRef = C02744D32BA948BE000CF7C8 /* OnboardingModel.swift */; };
		C02744D62BA949EE000CF7C8 /* OnboardingViewModel.swift in Sources */ = {isa = PBXBuildFile; fileRef = C02744D52BA949EE000CF7C8 /* OnboardingViewModel.swift */; };
		C02744D82BA94F60000CF7C8 /* OnboardingView.swift in Sources */ = {isa = PBXBuildFile; fileRef = C02744D72BA94F60000CF7C8 /* OnboardingView.swift */; };
		C02744DA2BA95BF9000CF7C8 /* CharacterSelectionViewModel.swift in Sources */ = {isa = PBXBuildFile; fileRef = C02744D92BA95BF9000CF7C8 /* CharacterSelectionViewModel.swift */; };
		C02744DC2BA972EA000CF7C8 /* CharaterSelectionView.swift in Sources */ = {isa = PBXBuildFile; fileRef = C02744DB2BA972EA000CF7C8 /* CharaterSelectionView.swift */; };
		C02744DE2BA983C0000CF7C8 /* AcceptLocationServicesView.swift in Sources */ = {isa = PBXBuildFile; fileRef = C02744DD2BA983C0000CF7C8 /* AcceptLocationServicesView.swift */; };
/* End PBXBuildFile section */

/* Begin PBXFileReference section */
		C02744692B9AE930000CF7C8 /* PreparationForToday.app */ = {isa = PBXFileReference; explicitFileType = wrapper.application; includeInIndex = 0; path = PreparationForToday.app; sourceTree = BUILT_PRODUCTS_DIR; };
		C027446C2B9AE930000CF7C8 /* PreparationForTodayApp.swift */ = {isa = PBXFileReference; lastKnownFileType = sourcecode.swift; path = PreparationForTodayApp.swift; sourceTree = "<group>"; };
		C027446E2B9AE930000CF7C8 /* ContentView.swift */ = {isa = PBXFileReference; lastKnownFileType = sourcecode.swift; path = ContentView.swift; sourceTree = "<group>"; };
		C02744702B9AE931000CF7C8 /* Assets.xcassets */ = {isa = PBXFileReference; lastKnownFileType = folder.assetcatalog; path = Assets.xcassets; sourceTree = "<group>"; };
		C02744732B9AE931000CF7C8 /* Preview Assets.xcassets */ = {isa = PBXFileReference; lastKnownFileType = folder.assetcatalog; path = "Preview Assets.xcassets"; sourceTree = "<group>"; };
		C027447A2B9AE9C5000CF7C8 /* PreparationForToday.entitlements */ = {isa = PBXFileReference; lastKnownFileType = text.plist.entitlements; path = PreparationForToday.entitlements; sourceTree = "<group>"; };
		C027447E2B9AF181000CF7C8 /* WeatherKitViewModel.swift */ = {isa = PBXFileReference; lastKnownFileType = sourcecode.swift; path = WeatherKitViewModel.swift; sourceTree = "<group>"; };
		C02744802B9AF199000CF7C8 /* LocationViewModel.swift */ = {isa = PBXFileReference; lastKnownFileType = sourcecode.swift; path = LocationViewModel.swift; sourceTree = "<group>"; };
		C02744822B9AF1B5000CF7C8 /* WeatherModel.swift */ = {isa = PBXFileReference; lastKnownFileType = sourcecode.swift; path = WeatherModel.swift; sourceTree = "<group>"; };
		C02744D32BA948BE000CF7C8 /* OnboardingModel.swift */ = {isa = PBXFileReference; lastKnownFileType = sourcecode.swift; path = OnboardingModel.swift; sourceTree = "<group>"; };
		C02744D52BA949EE000CF7C8 /* OnboardingViewModel.swift */ = {isa = PBXFileReference; lastKnownFileType = sourcecode.swift; path = OnboardingViewModel.swift; sourceTree = "<group>"; };
		C02744D72BA94F60000CF7C8 /* OnboardingView.swift */ = {isa = PBXFileReference; lastKnownFileType = sourcecode.swift; path = OnboardingView.swift; sourceTree = "<group>"; };
		C02744D92BA95BF9000CF7C8 /* CharacterSelectionViewModel.swift */ = {isa = PBXFileReference; lastKnownFileType = sourcecode.swift; path = CharacterSelectionViewModel.swift; sourceTree = "<group>"; };
		C02744DB2BA972EA000CF7C8 /* CharaterSelectionView.swift */ = {isa = PBXFileReference; lastKnownFileType = sourcecode.swift; path = CharaterSelectionView.swift; sourceTree = "<group>"; };
		C02744DD2BA983C0000CF7C8 /* AcceptLocationServicesView.swift */ = {isa = PBXFileReference; lastKnownFileType = sourcecode.swift; path = AcceptLocationServicesView.swift; sourceTree = "<group>"; };
/* End PBXFileReference section */

/* Begin PBXFrameworksBuildPhase section */
		C02744662B9AE930000CF7C8 /* Frameworks */ = {
			isa = PBXFrameworksBuildPhase;
			buildActionMask = 2147483647;
			files = (
			);
			runOnlyForDeploymentPostprocessing = 0;
		};
/* End PBXFrameworksBuildPhase section */

/* Begin PBXGroup section */
		C02744602B9AE930000CF7C8 = {
			isa = PBXGroup;
			children = (
				C027446B2B9AE930000CF7C8 /* PreparationForToday */,
				C027446A2B9AE930000CF7C8 /* Products */,
			);
			sourceTree = "<group>";
		};
		C027446A2B9AE930000CF7C8 /* Products */ = {
			isa = PBXGroup;
			children = (
				C02744692B9AE930000CF7C8 /* PreparationForToday.app */,
			);
			name = Products;
			sourceTree = "<group>";
		};
		C027446B2B9AE930000CF7C8 /* PreparationForToday */ = {
			isa = PBXGroup;
			children = (
				C027447A2B9AE9C5000CF7C8 /* PreparationForToday.entitlements */,
				C027446C2B9AE930000CF7C8 /* PreparationForTodayApp.swift */,
				C027447D2B9AF16F000CF7C8 /* Model */,
				C027447C2B9AF160000CF7C8 /* ViewModel */,
				C027447B2B9AF14E000CF7C8 /* View */,
				C02744702B9AE931000CF7C8 /* Assets.xcassets */,
				C02744722B9AE931000CF7C8 /* Preview Content */,
			);
			path = PreparationForToday;
			sourceTree = "<group>";
		};
		C02744722B9AE931000CF7C8 /* Preview Content */ = {
			isa = PBXGroup;
			children = (
				C02744732B9AE931000CF7C8 /* Preview Assets.xcassets */,
			);
			path = "Preview Content";
			sourceTree = "<group>";
		};
		C027447B2B9AF14E000CF7C8 /* View */ = {
			isa = PBXGroup;
			children = (
				C027446E2B9AE930000CF7C8 /* ContentView.swift */,
				C02744D72BA94F60000CF7C8 /* OnboardingView.swift */,
				C02744DB2BA972EA000CF7C8 /* CharaterSelectionView.swift */,
				C02744DD2BA983C0000CF7C8 /* AcceptLocationServicesView.swift */,
			);
			path = View;
			sourceTree = "<group>";
		};
		C027447C2B9AF160000CF7C8 /* ViewModel */ = {
			isa = PBXGroup;
			children = (
				C027447E2B9AF181000CF7C8 /* WeatherKitViewModel.swift */,
				C02744D92BA95BF9000CF7C8 /* CharacterSelectionViewModel.swift */,
				C02744802B9AF199000CF7C8 /* LocationViewModel.swift */,
				C02744D52BA949EE000CF7C8 /* OnboardingViewModel.swift */,
			);
			path = ViewModel;
			sourceTree = "<group>";
		};
		C027447D2B9AF16F000CF7C8 /* Model */ = {
			isa = PBXGroup;
			children = (
				C02744822B9AF1B5000CF7C8 /* WeatherModel.swift */,
				C02744D32BA948BE000CF7C8 /* OnboardingModel.swift */,
			);
			path = Model;
			sourceTree = "<group>";
		};
/* End PBXGroup section */

/* Begin PBXNativeTarget section */
		C02744682B9AE930000CF7C8 /* PreparationForToday */ = {
			isa = PBXNativeTarget;
			buildConfigurationList = C02744772B9AE931000CF7C8 /* Build configuration list for PBXNativeTarget "PreparationForToday" */;
			buildPhases = (
				C02744652B9AE930000CF7C8 /* Sources */,
				C02744662B9AE930000CF7C8 /* Frameworks */,
				C02744672B9AE930000CF7C8 /* Resources */,
			);
			buildRules = (
			);
			dependencies = (
			);
			name = PreparationForToday;
			productName = PreparationForToday;
			productReference = C02744692B9AE930000CF7C8 /* PreparationForToday.app */;
			productType = "com.apple.product-type.application";
		};
/* End PBXNativeTarget section */

/* Begin PBXProject section */
		C02744612B9AE930000CF7C8 /* Project object */ = {
			isa = PBXProject;
			attributes = {
				BuildIndependentTargetsInParallel = 1;
				LastSwiftUpdateCheck = 1530;
				LastUpgradeCheck = 1530;
				TargetAttributes = {
					C02744682B9AE930000CF7C8 = {
						CreatedOnToolsVersion = 15.3;
					};
				};
			};
			buildConfigurationList = C02744642B9AE930000CF7C8 /* Build configuration list for PBXProject "PreparationForToday" */;
			compatibilityVersion = "Xcode 14.0";
			developmentRegion = en;
			hasScannedForEncodings = 0;
			knownRegions = (
				en,
				Base,
			);
			mainGroup = C02744602B9AE930000CF7C8;
			productRefGroup = C027446A2B9AE930000CF7C8 /* Products */;
			projectDirPath = "";
			projectRoot = "";
			targets = (
				C02744682B9AE930000CF7C8 /* PreparationForToday */,
			);
		};
/* End PBXProject section */

/* Begin PBXResourcesBuildPhase section */
		C02744672B9AE930000CF7C8 /* Resources */ = {
			isa = PBXResourcesBuildPhase;
			buildActionMask = 2147483647;
			files = (
				C02744742B9AE931000CF7C8 /* Preview Assets.xcassets in Resources */,
				C02744712B9AE931000CF7C8 /* Assets.xcassets in Resources */,
			);
			runOnlyForDeploymentPostprocessing = 0;
		};
/* End PBXResourcesBuildPhase section */

/* Begin PBXSourcesBuildPhase section */
		C02744652B9AE930000CF7C8 /* Sources */ = {
			isa = PBXSourcesBuildPhase;
			buildActionMask = 2147483647;
			files = (
				C02744DE2BA983C0000CF7C8 /* AcceptLocationServicesView.swift in Sources */,
				C02744812B9AF199000CF7C8 /* LocationViewModel.swift in Sources */,
				C02744DA2BA95BF9000CF7C8 /* CharacterSelectionViewModel.swift in Sources */,
				C027446F2B9AE930000CF7C8 /* ContentView.swift in Sources */,
				C02744DC2BA972EA000CF7C8 /* CharaterSelectionView.swift in Sources */,
				C02744D62BA949EE000CF7C8 /* OnboardingViewModel.swift in Sources */,
				C027446D2B9AE930000CF7C8 /* PreparationForTodayApp.swift in Sources */,
				C027447F2B9AF181000CF7C8 /* WeatherKitViewModel.swift in Sources */,
				C02744D82BA94F60000CF7C8 /* OnboardingView.swift in Sources */,
				C02744D42BA948BE000CF7C8 /* OnboardingModel.swift in Sources */,
				C02744832B9AF1B5000CF7C8 /* WeatherModel.swift in Sources */,
			);
			runOnlyForDeploymentPostprocessing = 0;
		};
/* End PBXSourcesBuildPhase section */

/* Begin XCBuildConfiguration section */
		C02744752B9AE931000CF7C8 /* Debug */ = {
			isa = XCBuildConfiguration;
			buildSettings = {
				ALWAYS_SEARCH_USER_PATHS = NO;
				ASSETCATALOG_COMPILER_GENERATE_SWIFT_ASSET_SYMBOL_EXTENSIONS = YES;
				CLANG_ANALYZER_NONNULL = YES;
				CLANG_ANALYZER_NUMBER_OBJECT_CONVERSION = YES_AGGRESSIVE;
				CLANG_CXX_LANGUAGE_STANDARD = "gnu++20";
				CLANG_ENABLE_MODULES = YES;
				CLANG_ENABLE_OBJC_ARC = YES;
				CLANG_ENABLE_OBJC_WEAK = YES;
				CLANG_WARN_BLOCK_CAPTURE_AUTORELEASING = YES;
				CLANG_WARN_BOOL_CONVERSION = YES;
				CLANG_WARN_COMMA = YES;
				CLANG_WARN_CONSTANT_CONVERSION = YES;
				CLANG_WARN_DEPRECATED_OBJC_IMPLEMENTATIONS = YES;
				CLANG_WARN_DIRECT_OBJC_ISA_USAGE = YES_ERROR;
				CLANG_WARN_DOCUMENTATION_COMMENTS = YES;
				CLANG_WARN_EMPTY_BODY = YES;
				CLANG_WARN_ENUM_CONVERSION = YES;
				CLANG_WARN_INFINITE_RECURSION = YES;
				CLANG_WARN_INT_CONVERSION = YES;
				CLANG_WARN_NON_LITERAL_NULL_CONVERSION = YES;
				CLANG_WARN_OBJC_IMPLICIT_RETAIN_SELF = YES;
				CLANG_WARN_OBJC_LITERAL_CONVERSION = YES;
				CLANG_WARN_OBJC_ROOT_CLASS = YES_ERROR;
				CLANG_WARN_QUOTED_INCLUDE_IN_FRAMEWORK_HEADER = YES;
				CLANG_WARN_RANGE_LOOP_ANALYSIS = YES;
				CLANG_WARN_STRICT_PROTOTYPES = YES;
				CLANG_WARN_SUSPICIOUS_MOVE = YES;
				CLANG_WARN_UNGUARDED_AVAILABILITY = YES_AGGRESSIVE;
				CLANG_WARN_UNREACHABLE_CODE = YES;
				CLANG_WARN__DUPLICATE_METHOD_MATCH = YES;
				COPY_PHASE_STRIP = NO;
				DEBUG_INFORMATION_FORMAT = dwarf;
				ENABLE_STRICT_OBJC_MSGSEND = YES;
				ENABLE_TESTABILITY = YES;
				ENABLE_USER_SCRIPT_SANDBOXING = YES;
				GCC_C_LANGUAGE_STANDARD = gnu17;
				GCC_DYNAMIC_NO_PIC = NO;
				GCC_NO_COMMON_BLOCKS = YES;
				GCC_OPTIMIZATION_LEVEL = 0;
				GCC_PREPROCESSOR_DEFINITIONS = (
					"DEBUG=1",
					"$(inherited)",
				);
				GCC_WARN_64_TO_32_BIT_CONVERSION = YES;
				GCC_WARN_ABOUT_RETURN_TYPE = YES_ERROR;
				GCC_WARN_UNDECLARED_SELECTOR = YES;
				GCC_WARN_UNINITIALIZED_AUTOS = YES_AGGRESSIVE;
				GCC_WARN_UNUSED_FUNCTION = YES;
				GCC_WARN_UNUSED_VARIABLE = YES;
				IPHONEOS_DEPLOYMENT_TARGET = 17.4;
				LOCALIZATION_PREFERS_STRING_CATALOGS = YES;
				MTL_ENABLE_DEBUG_INFO = INCLUDE_SOURCE;
				MTL_FAST_MATH = YES;
				ONLY_ACTIVE_ARCH = YES;
				SDKROOT = iphoneos;
				SWIFT_ACTIVE_COMPILATION_CONDITIONS = "DEBUG $(inherited)";
				SWIFT_OPTIMIZATION_LEVEL = "-Onone";
			};
			name = Debug;
		};
		C02744762B9AE931000CF7C8 /* Release */ = {
			isa = XCBuildConfiguration;
			buildSettings = {
				ALWAYS_SEARCH_USER_PATHS = NO;
				ASSETCATALOG_COMPILER_GENERATE_SWIFT_ASSET_SYMBOL_EXTENSIONS = YES;
				CLANG_ANALYZER_NONNULL = YES;
				CLANG_ANALYZER_NUMBER_OBJECT_CONVERSION = YES_AGGRESSIVE;
				CLANG_CXX_LANGUAGE_STANDARD = "gnu++20";
				CLANG_ENABLE_MODULES = YES;
				CLANG_ENABLE_OBJC_ARC = YES;
				CLANG_ENABLE_OBJC_WEAK = YES;
				CLANG_WARN_BLOCK_CAPTURE_AUTORELEASING = YES;
				CLANG_WARN_BOOL_CONVERSION = YES;
				CLANG_WARN_COMMA = YES;
				CLANG_WARN_CONSTANT_CONVERSION = YES;
				CLANG_WARN_DEPRECATED_OBJC_IMPLEMENTATIONS = YES;
				CLANG_WARN_DIRECT_OBJC_ISA_USAGE = YES_ERROR;
				CLANG_WARN_DOCUMENTATION_COMMENTS = YES;
				CLANG_WARN_EMPTY_BODY = YES;
				CLANG_WARN_ENUM_CONVERSION = YES;
				CLANG_WARN_INFINITE_RECURSION = YES;
				CLANG_WARN_INT_CONVERSION = YES;
				CLANG_WARN_NON_LITERAL_NULL_CONVERSION = YES;
				CLANG_WARN_OBJC_IMPLICIT_RETAIN_SELF = YES;
				CLANG_WARN_OBJC_LITERAL_CONVERSION = YES;
				CLANG_WARN_OBJC_ROOT_CLASS = YES_ERROR;
				CLANG_WARN_QUOTED_INCLUDE_IN_FRAMEWORK_HEADER = YES;
				CLANG_WARN_RANGE_LOOP_ANALYSIS = YES;
				CLANG_WARN_STRICT_PROTOTYPES = YES;
				CLANG_WARN_SUSPICIOUS_MOVE = YES;
				CLANG_WARN_UNGUARDED_AVAILABILITY = YES_AGGRESSIVE;
				CLANG_WARN_UNREACHABLE_CODE = YES;
				CLANG_WARN__DUPLICATE_METHOD_MATCH = YES;
				COPY_PHASE_STRIP = NO;
				DEBUG_INFORMATION_FORMAT = "dwarf-with-dsym";
				ENABLE_NS_ASSERTIONS = NO;
				ENABLE_STRICT_OBJC_MSGSEND = YES;
				ENABLE_USER_SCRIPT_SANDBOXING = YES;
				GCC_C_LANGUAGE_STANDARD = gnu17;
				GCC_NO_COMMON_BLOCKS = YES;
				GCC_WARN_64_TO_32_BIT_CONVERSION = YES;
				GCC_WARN_ABOUT_RETURN_TYPE = YES_ERROR;
				GCC_WARN_UNDECLARED_SELECTOR = YES;
				GCC_WARN_UNINITIALIZED_AUTOS = YES_AGGRESSIVE;
				GCC_WARN_UNUSED_FUNCTION = YES;
				GCC_WARN_UNUSED_VARIABLE = YES;
				IPHONEOS_DEPLOYMENT_TARGET = 17.4;
				LOCALIZATION_PREFERS_STRING_CATALOGS = YES;
				MTL_ENABLE_DEBUG_INFO = NO;
				MTL_FAST_MATH = YES;
				SDKROOT = iphoneos;
				SWIFT_COMPILATION_MODE = wholemodule;
				VALIDATE_PRODUCT = YES;
			};
			name = Release;
		};
		C02744782B9AE931000CF7C8 /* Debug */ = {
			isa = XCBuildConfiguration;
			buildSettings = {
				ASSETCATALOG_COMPILER_APPICON_NAME = AppIcon;
				ASSETCATALOG_COMPILER_GLOBAL_ACCENT_COLOR_NAME = AccentColor;
				CODE_SIGN_ENTITLEMENTS = PreparationForToday/PreparationForToday.entitlements;
				CODE_SIGN_STYLE = Automatic;
				CURRENT_PROJECT_VERSION = 1;
				DEVELOPMENT_ASSET_PATHS = "\"PreparationForToday/Preview Content\"";
				DEVELOPMENT_TEAM = JY747KU2DH;
				ENABLE_PREVIEWS = YES;
				GENERATE_INFOPLIST_FILE = YES;
				INFOPLIST_KEY_NSLocationWhenInUseUsageDescription = "To ger weather for your location";
				INFOPLIST_KEY_UIApplicationSceneManifest_Generation = YES;
				INFOPLIST_KEY_UIApplicationSupportsIndirectInputEvents = YES;
				INFOPLIST_KEY_UILaunchScreen_Generation = YES;
				INFOPLIST_KEY_UISupportedInterfaceOrientations_iPad = "UIInterfaceOrientationPortrait UIInterfaceOrientationPortraitUpsideDown UIInterfaceOrientationLandscapeLeft UIInterfaceOrientationLandscapeRight";
				INFOPLIST_KEY_UISupportedInterfaceOrientations_iPhone = "UIInterfaceOrientationPortrait UIInterfaceOrientationLandscapeLeft UIInterfaceOrientationLandscapeRight";
				LD_RUNPATH_SEARCH_PATHS = (
					"$(inherited)",
					"@executable_path/Frameworks",
				);
				MARKETING_VERSION = 1.0;
				PRODUCT_BUNDLE_IDENTIFIER = com.JJS.PreparationForToday;
				PRODUCT_NAME = "$(TARGET_NAME)";
				SWIFT_EMIT_LOC_STRINGS = YES;
				SWIFT_VERSION = 5.0;
				TARGETED_DEVICE_FAMILY = "1,2";
			};
			name = Debug;
		};
		C02744792B9AE931000CF7C8 /* Release */ = {
			isa = XCBuildConfiguration;
			buildSettings = {
				ASSETCATALOG_COMPILER_APPICON_NAME = AppIcon;
				ASSETCATALOG_COMPILER_GLOBAL_ACCENT_COLOR_NAME = AccentColor;
				CODE_SIGN_ENTITLEMENTS = PreparationForToday/PreparationForToday.entitlements;
				CODE_SIGN_STYLE = Automatic;
				CURRENT_PROJECT_VERSION = 1;
				DEVELOPMENT_ASSET_PATHS = "\"PreparationForToday/Preview Content\"";
				DEVELOPMENT_TEAM = JY747KU2DH;
				ENABLE_PREVIEWS = YES;
				GENERATE_INFOPLIST_FILE = YES;
				INFOPLIST_KEY_NSLocationWhenInUseUsageDescription = "To ger weather for your location";
				INFOPLIST_KEY_UIApplicationSceneManifest_Generation = YES;
				INFOPLIST_KEY_UIApplicationSupportsIndirectInputEvents = YES;
				INFOPLIST_KEY_UILaunchScreen_Generation = YES;
				INFOPLIST_KEY_UISupportedInterfaceOrientations_iPad = "UIInterfaceOrientationPortrait UIInterfaceOrientationPortraitUpsideDown UIInterfaceOrientationLandscapeLeft UIInterfaceOrientationLandscapeRight";
				INFOPLIST_KEY_UISupportedInterfaceOrientations_iPhone = "UIInterfaceOrientationPortrait UIInterfaceOrientationLandscapeLeft UIInterfaceOrientationLandscapeRight";
				LD_RUNPATH_SEARCH_PATHS = (
					"$(inherited)",
					"@executable_path/Frameworks",
				);
				MARKETING_VERSION = 1.0;
				PRODUCT_BUNDLE_IDENTIFIER = com.JJS.PreparationForToday;
				PRODUCT_NAME = "$(TARGET_NAME)";
				SWIFT_EMIT_LOC_STRINGS = YES;
				SWIFT_VERSION = 5.0;
				TARGETED_DEVICE_FAMILY = "1,2";
			};
			name = Release;
		};
/* End XCBuildConfiguration section */

/* Begin XCConfigurationList section */
		C02744642B9AE930000CF7C8 /* Build configuration list for PBXProject "PreparationForToday" */ = {
			isa = XCConfigurationList;
			buildConfigurations = (
				C02744752B9AE931000CF7C8 /* Debug */,
				C02744762B9AE931000CF7C8 /* Release */,
			);
			defaultConfigurationIsVisible = 0;
			defaultConfigurationName = Release;
		};
		C02744772B9AE931000CF7C8 /* Build configuration list for PBXNativeTarget "PreparationForToday" */ = {
			isa = XCConfigurationList;
			buildConfigurations = (
				C02744782B9AE931000CF7C8 /* Debug */,
				C02744792B9AE931000CF7C8 /* Release */,
			);
			defaultConfigurationIsVisible = 0;
			defaultConfigurationName = Release;
		};
/* End XCConfigurationList section */
	};
	rootObject = C02744612B9AE930000CF7C8 /* Project object */;
}
